
Microsoft Visual Studio Solution File, Format Version 10.00
# Visual Studio 2008
Project("{8BC9CEB8-8B4A-11D0-8D11-00A0C91BC942}") = "GraphTest", "Testing\Testing.vcproj", "{7E21CBCB-8ED5-44BC-9A15-D6753A975AA3}"
	ProjectSection(ProjectDependencies) = postProject
		{E756ED3B-3976-4B26-8104-A24EB882C601} = {E756ED3B-3976-4B26-8104-A24EB882C601}
		{5A70D667-640C-4502-B645-BCF23BD20EE1} = {5A70D667-640C-4502-B645-BCF23BD20EE1}
		{B067E7B0-7637-4AC5-B2E2-DAF5B46F9EC0} = {B067E7B0-7637-4AC5-B2E2-DAF5B46F9EC0}
	EndProjectSection
EndProject
Project("{2150E333-8FDC-42A3-9474-1A3956D46DE8}") = "GraphTest", "GraphTest", "{8D359CB6-00AA-48FA-A105-AC7BD75C179E}"
EndProject
Project("{2150E333-8FDC-42A3-9474-1A3956D46DE8}") = "CompilerTest", "CompilerTest", "{F30724D8-ED01-4EC6-8510-33A3B64A2F18}"
EndProject
Project("{8BC9CEB8-8B4A-11D0-8D11-00A0C91BC942}") = "GraphLib", "..\GraphLib\GraphLib.vcproj", "{5A70D667-640C-4502-B645-BCF23BD20EE1}"
EndProject
Project("{8BC9CEB8-8B4A-11D0-8D11-00A0C91BC942}") = "GraphCompiler.lib", "..\GraphCompiler.lib\GraphCompiler.lib.vcproj", "{B067E7B0-7637-4AC5-B2E2-DAF5B46F9EC0}"
EndProject
Project("{8BC9CEB8-8B4A-11D0-8D11-00A0C91BC942}") = "GraphCompilerTest", "GraphCompilerTest\GraphCompilerTest.vcproj", "{322D82EA-E901-4D33-A0CD-5910F3722B8E}"
	ProjectSection(ProjectDependencies) = postProject
		{E756ED3B-3976-4B26-8104-A24EB882C601} = {E756ED3B-3976-4B26-8104-A24EB882C601}
		{5A70D667-640C-4502-B645-BCF23BD20EE1} = {5A70D667-640C-4502-B645-BCF23BD20EE1}
		{B067E7B0-7637-4AC5-B2E2-DAF5B46F9EC0} = {B067E7B0-7637-4AC5-B2E2-DAF5B46F9EC0}
	EndProjectSection
EndProject
Project("{2150E333-8FDC-42A3-9474-1A3956D46DE8}") = "Common", "Common", "{9794C77B-D1DB-4160-869B-ABF9EE9265FF}"
EndProject
Project("{8BC9CEB8-8B4A-11D0-8D11-00A0C91BC942}") = "Common", "..\Common\Common.vcproj", "{E756ED3B-3976-4B26-8104-A24EB882C601}"
EndProject
Global
	GlobalSection(SolutionConfigurationPlatforms) = preSolution
		Debug|Win32 = Debug|Win32
		Release|Win32 = Release|Win32
	EndGlobalSection
	GlobalSection(ProjectConfigurationPlatforms) = postSolution
		{7E21CBCB-8ED5-44BC-9A15-D6753A975AA3}.Debug|Win32.ActiveCfg = Debug|Win32
		{7E21CBCB-8ED5-44BC-9A15-D6753A975AA3}.Debug|Win32.Build.0 = Debug|Win32
		{7E21CBCB-8ED5-44BC-9A15-D6753A975AA3}.Release|Win32.ActiveCfg = Release|Win32
		{7E21CBCB-8ED5-44BC-9A15-D6753A975AA3}.Release|Win32.Build.0 = Release|Win32
		{5A70D667-640C-4502-B645-BCF23BD20EE1}.Debug|Win32.ActiveCfg = Debug|Win32
		{5A70D667-640C-4502-B645-BCF23BD20EE1}.Debug|Win32.Build.0 = Debug|Win32
		{5A70D667-640C-4502-B645-BCF23BD20EE1}.Release|Win32.ActiveCfg = Release|Win32
		{5A70D667-640C-4502-B645-BCF23BD20EE1}.Release|Win32.Build.0 = Release|Win32
		{B067E7B0-7637-4AC5-B2E2-DAF5B46F9EC0}.Debug|Win32.ActiveCfg = Debug|Win32
		{B067E7B0-7637-4AC5-B2E2-DAF5B46F9EC0}.Debug|Win32.Build.0 = Debug|Win32
		{B067E7B0-7637-4AC5-B2E2-DAF5B46F9EC0}.Release|Win32.ActiveCfg = Release|Win32
		{B067E7B0-7637-4AC5-B2E2-DAF5B46F9EC0}.Release|Win32.Build.0 = Release|Win32
		{322D82EA-E901-4D33-A0CD-5910F3722B8E}.Debug|Win32.ActiveCfg = Debug|Win32
		{322D82EA-E901-4D33-A0CD-5910F3722B8E}.Debug|Win32.Build.0 = Debug|Win32
		{322D82EA-E901-4D33-A0CD-5910F3722B8E}.Release|Win32.ActiveCfg = Release|Win32
		{322D82EA-E901-4D33-A0CD-5910F3722B8E}.Release|Win32.Build.0 = Release|Win32
		{E756ED3B-3976-4B26-8104-A24EB882C601}.Debug|Win32.ActiveCfg = Debug|Win32
		{E756ED3B-3976-4B26-8104-A24EB882C601}.Debug|Win32.Build.0 = Debug|Win32
		{E756ED3B-3976-4B26-8104-A24EB882C601}.Release|Win32.ActiveCfg = Release|Win32
		{E756ED3B-3976-4B26-8104-A24EB882C601}.Release|Win32.Build.0 = Release|Win32
	EndGlobalSection
	GlobalSection(SolutionProperties) = preSolution
		HideSolutionNode = FALSE
	EndGlobalSection
	GlobalSection(NestedProjects) = preSolution
		{7E21CBCB-8ED5-44BC-9A15-D6753A975AA3} = {8D359CB6-00AA-48FA-A105-AC7BD75C179E}
		{5A70D667-640C-4502-B645-BCF23BD20EE1} = {8D359CB6-00AA-48FA-A105-AC7BD75C179E}
		{B067E7B0-7637-4AC5-B2E2-DAF5B46F9EC0} = {F30724D8-ED01-4EC6-8510-33A3B64A2F18}
		{322D82EA-E901-4D33-A0CD-5910F3722B8E} = {F30724D8-ED01-4EC6-8510-33A3B64A2F18}
		{E756ED3B-3976-4B26-8104-A24EB882C601} = {9794C77B-D1DB-4160-869B-ABF9EE9265FF}
	EndGlobalSection
EndGlobal
